
Microsoft Visual Studio Solution File, Format Version 12.00
# Visual Studio Version 17
VisualStudioVersion = 17.9.34622.214
MinimumVisualStudioVersion = 10.0.40219.1
Project("{9A19103F-16F7-4668-BE54-9A1E7A4F7556}") = "TheFuckingAppFunc", "TheFuckingAppFunc.csproj", "{5C5B0954-FD25-482B-924A-980F046FAD71}"
EndProject
Project("{9A19103F-16F7-4668-BE54-9A1E7A4F7556}") = "DataSaving", "..\DataSaving\DataSaving.csproj", "{D4DD6BBD-8E3C-4572-8827-24848F802EDE}"
EndProject
Project("{2150E333-8FDC-42A3-9474-1A3956D46DE8}") = "DBConnections", "DBConnections", "{25D417F5-FD46-4689-B528-24C31EE81CDD}"
EndProject
Project("{FAE04EC0-301F-11D3-BF4B-00C04F79EFBC}") = "DataConnecion", "..\DataConnecion\DataConnecion.csproj", "{D9476503-733E-489C-9CF5-3C4EF7379AE3}"
EndProject
Project("{2150E333-8FDC-42A3-9474-1A3956D46DE8}") = "API", "API", "{8009B10C-4EEE-4A0D-9685-5C3A2850EE88}"
EndProject
Project("{FAE04EC0-301F-11D3-BF4B-00C04F79EFBC}") = "ApiTruyenLau", "..\ApiTruyenLau\ApiTruyenLau.csproj", "{08EBE15C-63A1-4B1F-952A-BB0C00A6776B}"
EndProject
Global
	GlobalSection(SolutionConfigurationPlatforms) = preSolution
		Debug|Any CPU = Debug|Any CPU
		Release|Any CPU = Release|Any CPU
	EndGlobalSection
	GlobalSection(ProjectConfigurationPlatforms) = postSolution
		{5C5B0954-FD25-482B-924A-980F046FAD71}.Debug|Any CPU.ActiveCfg = Debug|Any CPU
		{5C5B0954-FD25-482B-924A-980F046FAD71}.Debug|Any CPU.Build.0 = Debug|Any CPU
		{5C5B0954-FD25-482B-924A-980F046FAD71}.Release|Any CPU.ActiveCfg = Release|Any CPU
		{5C5B0954-FD25-482B-924A-980F046FAD71}.Release|Any CPU.Build.0 = Release|Any CPU
		{D4DD6BBD-8E3C-4572-8827-24848F802EDE}.Debug|Any CPU.ActiveCfg = Debug|Any CPU
		{D4DD6BBD-8E3C-4572-8827-24848F802EDE}.Debug|Any CPU.Build.0 = Debug|Any CPU
		{D4DD6BBD-8E3C-4572-8827-24848F802EDE}.Release|Any CPU.ActiveCfg = Release|Any CPU
		{D4DD6BBD-8E3C-4572-8827-24848F802EDE}.Release|Any CPU.Build.0 = Release|Any CPU
		{D9476503-733E-489C-9CF5-3C4EF7379AE3}.Debug|Any CPU.ActiveCfg = Debug|Any CPU
		{D9476503-733E-489C-9CF5-3C4EF7379AE3}.Debug|Any CPU.Build.0 = Debug|Any CPU
		{D9476503-733E-489C-9CF5-3C4EF7379AE3}.Release|Any CPU.ActiveCfg = Release|Any CPU
		{D9476503-733E-489C-9CF5-3C4EF7379AE3}.Release|Any CPU.Build.0 = Release|Any CPU
		{08EBE15C-63A1-4B1F-952A-BB0C00A6776B}.Debug|Any CPU.ActiveCfg = Debug|Any CPU
		{08EBE15C-63A1-4B1F-952A-BB0C00A6776B}.Debug|Any CPU.Build.0 = Debug|Any CPU
		{08EBE15C-63A1-4B1F-952A-BB0C00A6776B}.Release|Any CPU.ActiveCfg = Release|Any CPU
		{08EBE15C-63A1-4B1F-952A-BB0C00A6776B}.Release|Any CPU.Build.0 = Release|Any CPU
	EndGlobalSection
	GlobalSection(SolutionProperties) = preSolution
		HideSolutionNode = FALSE
	EndGlobalSection
	GlobalSection(NestedProjects) = preSolution
		{D9476503-733E-489C-9CF5-3C4EF7379AE3} = {25D417F5-FD46-4689-B528-24C31EE81CDD}
		{08EBE15C-63A1-4B1F-952A-BB0C00A6776B} = {8009B10C-4EEE-4A0D-9685-5C3A2850EE88}
	EndGlobalSection
	GlobalSection(ExtensibilityGlobals) = postSolution
		SolutionGuid = {1D1677E3-8350-48D0-9388-E6CBB806C69C}
	EndGlobalSection
EndGlobal
